<?xml version="1.0" encoding="utf-8"?>
<Project ToolsVersion="4.0" xmlns="http://schemas.microsoft.com/developer/msbuild/2003">
  <ItemGroup>
    <Filter Include="Common">
      <UniqueIdentifier>{200d7bd2-51c7-42b0-affb-70aafadd212b}</UniqueIdentifier>
    </Filter>
    <Filter Include="Tests">
      <UniqueIdentifier>{4FC737F1-C7A5-4376-A066-2A32D752A2FF}</UniqueIdentifier>
      <Extensions>cpp;c;cc;cxx;def;odl;idl;hpj;bat;asm;asmx</Extensions>
    </Filter>
  </ItemGroup>
  <ItemGroup>
    <ClCompile Include="..\src\SelectTest.cpp">
      <Filter>Tests</Filter>
    </ClCompile>
    <ClCompile Include="..\src\common\Utils.cpp">
      <Filter>Common</Filter>
    </ClCompile>
    <ClCompile Include="..\src\ChannelTest_Bounded.cpp">
      <Filter>Tests</Filter>
    </ClCompile>
    <ClCompile Include="..\src\ProducerConsumerBoundedTest.cpp">
      <Filter>Tests</Filter>
    </ClCompile>
  </ItemGroup>
  <ItemGroup>
    <ClInclude Include="..\src\common\Utils.h">
      <Filter>Common</Filter>
    </ClInclude>
    <ClInclude Include="..\src\common\ChannelUnbounded.h">
      <Filter>Common</Filter>
    </ClInclude>
    <ClInclude Include="..\src\common\ChannelBounded.h">
      <Filter>Common</Filter>
    </ClInclude>
    <ClInclude Include="..\src\AUTOGENERATED.h">
      <Filter>Tests</Filter>
    </ClInclude>
  </ItemGroup>
</Project>